Microsoft Visual Studio Solution File, Format Version 12.00
# Visual Studio Version 17
VisualStudioVersion = 17.5.2.0
MinimumVisualStudioVersion = 10.0.40219.1
Project("{FAE04EC0-301F-11D3-BF4B-00C04F79EFBC}") = "dateandtimeconcept", "dateandtimeconcept.csproj", "{019EA1E5-E062-A2B7-B1B5-C8E827635637}"
EndProject
Global
	GlobalSection(SolutionConfigurationPlatforms) = preSolution
		Debug|Any CPU = Debug|Any CPU
		Release|Any CPU = Release|Any CPU
	EndGlobalSection
	GlobalSection(ProjectConfigurationPlatforms) = postSolution
		{019EA1E5-E062-A2B7-B1B5-C8E827635637}.Debug|Any CPU.ActiveCfg = Debug|Any CPU
		{019EA1E5-E062-A2B7-B1B5-C8E827635637}.Debug|Any CPU.Build.0 = Debug|Any CPU
		{019EA1E5-E062-A2B7-B1B5-C8E827635637}.Release|Any CPU.ActiveCfg = Release|Any CPU
		{019EA1E5-E062-A2B7-B1B5-C8E827635637}.Release|Any CPU.Build.0 = Release|Any CPU
	EndGlobalSection
	GlobalSection(SolutionProperties) = preSolution
		HideSolutionNode = FALSE
	EndGlobalSection
	GlobalSection(ExtensibilityGlobals) = postSolution
		SolutionGuid = {FF8446EF-61A8-4B7D-968A-32306C856C1C}
	EndGlobalSection
EndGlobal
